
Microsoft Visual Studio Solution File, Format Version 12.00
# Visual Studio 2013
VisualStudioVersion = 12.0.31101.0
MinimumVisualStudioVersion = 10.0.40219.1
Project("{FAE04EC0-301F-11D3-BF4B-00C04F79EFBC}") = "LicenseGeneratorWorkflow", "LicenseGeneratorWorkflow\LicenseGeneratorWorkflow.csproj", "{7C7C8C7F-BF50-4100-A75A-865E1233A099}"
EndProject
Project("{FAE04EC0-301F-11D3-BF4B-00C04F79EFBC}") = "LicenseGeneratorWorkflow.Unit.Tests", "LicenseGeneratorWorkflow.Unit.Tests\LicenseGeneratorWorkflow.Unit.Tests.csproj", "{9B561FBC-DF25-4901-B1BD-49A86C9AE260}"
EndProject
Project("{FAE04EC0-301F-11D3-BF4B-00C04F79EFBC}") = "LicenseGeneratorWebService", "LicenseGeneratorWebService\LicenseGeneratorWebService.csproj", "{431DF3F7-44A4-4825-A67F-81AE916C4656}"
EndProject
Global
	GlobalSection(SolutionConfigurationPlatforms) = preSolution
		Debug|Any CPU = Debug|Any CPU
		Release|Any CPU = Release|Any CPU
	EndGlobalSection
	GlobalSection(ProjectConfigurationPlatforms) = postSolution
		{7C7C8C7F-BF50-4100-A75A-865E1233A099}.Debug|Any CPU.ActiveCfg = Debug|Any CPU
		{7C7C8C7F-BF50-4100-A75A-865E1233A099}.Debug|Any CPU.Build.0 = Debug|Any CPU
		{7C7C8C7F-BF50-4100-A75A-865E1233A099}.Release|Any CPU.ActiveCfg = Release|Any CPU
		{7C7C8C7F-BF50-4100-A75A-865E1233A099}.Release|Any CPU.Build.0 = Release|Any CPU
		{9B561FBC-DF25-4901-B1BD-49A86C9AE260}.Debug|Any CPU.ActiveCfg = Debug|Any CPU
		{9B561FBC-DF25-4901-B1BD-49A86C9AE260}.Debug|Any CPU.Build.0 = Debug|Any CPU
		{9B561FBC-DF25-4901-B1BD-49A86C9AE260}.Release|Any CPU.ActiveCfg = Release|Any CPU
		{9B561FBC-DF25-4901-B1BD-49A86C9AE260}.Release|Any CPU.Build.0 = Release|Any CPU
		{431DF3F7-44A4-4825-A67F-81AE916C4656}.Debug|Any CPU.ActiveCfg = Debug|Any CPU
		{431DF3F7-44A4-4825-A67F-81AE916C4656}.Debug|Any CPU.Build.0 = Debug|Any CPU
		{431DF3F7-44A4-4825-A67F-81AE916C4656}.Release|Any CPU.ActiveCfg = Release|Any CPU
		{431DF3F7-44A4-4825-A67F-81AE916C4656}.Release|Any CPU.Build.0 = Release|Any CPU
	EndGlobalSection
	GlobalSection(SolutionProperties) = preSolution
		HideSolutionNode = FALSE
	EndGlobalSection
EndGlobal
